{
    "_meta": {
        "hash": {
            "sha256": "760ebe8330a54d4b8d969d0d7e27e687c80a5e772d10f12e44c27915f6319404"
        },
        "pipfile-spec": 6,
        "requires": {
            "python_version": "3.9"
        },
        "sources": [
            {
                "name": "pypi",
                "url": "https://pypi.org/simple",
                "verify_ssl": true
            }
        ]
    },
    "default": {
        "cffi": {
            "hashes": [
                "sha256:00a1ba5e2e95684448de9b89888ccd02c98d512064b4cb987d48f4b40aa0421e",
                "sha256:00e28066507bfc3fe865a31f325c8391a1ac2916219340f87dfad602c3e48e5d",
                "sha256:045d792900a75e8b1e1b0ab6787dd733a8190ffcf80e8c8ceb2fb10a29ff238a",
                "sha256:0638c3ae1a0edfb77c6765d487fee624d2b1ee1bdfeffc1f0b58c64d149e7eec",
                "sha256:105abaf8a6075dc96c1fe5ae7aae073f4696f2905fde6aeada4c9d2926752362",
                "sha256:155136b51fd733fa94e1c2ea5211dcd4c8879869008fc811648f16541bf99668",
                "sha256:1a465cbe98a7fd391d47dce4b8f7e5b921e6cd805ef421d04f5f66ba8f06086c",
                "sha256:1d2c4994f515e5b485fd6d3a73d05526aa0fcf248eb135996b088d25dfa1865b",
                "sha256:2c24d61263f511551f740d1a065eb0212db1dbbbbd241db758f5244281590c06",
                "sha256:51a8b381b16ddd370178a65360ebe15fbc1c71cf6f584613a7ea08bfad946698",
                "sha256:594234691ac0e9b770aee9fcdb8fa02c22e43e5c619456efd0d6c2bf276f3eb2",
                "sha256:5cf4be6c304ad0b6602f5c4e90e2f59b47653ac1ed9c662ed379fe48a8f26b0c",
                "sha256:64081b3f8f6f3c3de6191ec89d7dc6c86a8a43911f7ecb422c60e90c70be41c7",
                "sha256:6bc25fc545a6b3d57b5f8618e59fc13d3a3a68431e8ca5fd4c13241cd70d0009",
                "sha256:798caa2a2384b1cbe8a2a139d80734c9db54f9cc155c99d7cc92441a23871c03",
                "sha256:7c6b1dece89874d9541fc974917b631406233ea0440d0bdfbb8e03bf39a49b3b",
                "sha256:840793c68105fe031f34d6a086eaea153a0cd5c491cde82a74b420edd0a2b909",
                "sha256:8d6603078baf4e11edc4168a514c5ce5b3ba6e3e9c374298cb88437957960a53",
                "sha256:9cc46bc107224ff5b6d04369e7c595acb700c3613ad7bcf2e2012f62ece80c35",
                "sha256:9f7a31251289b2ab6d4012f6e83e58bc3b96bd151f5b5262467f4bb6b34a7c26",
                "sha256:9ffb888f19d54a4d4dfd4b3f29bc2c16aa4972f1c2ab9c4ab09b8ab8685b9c2b",
                "sha256:a5ed8c05548b54b998b9498753fb9cadbfd92ee88e884641377d8a8b291bcc01",
                "sha256:a7711edca4dcef1a75257b50a2fbfe92a65187c47dab5a0f1b9b332c5919a3fb",
                "sha256:af5c59122a011049aad5dd87424b8e65a80e4a6477419c0c1015f73fb5ea0293",
                "sha256:b18e0a9ef57d2b41f5c68beefa32317d286c3d6ac0484efd10d6e07491bb95dd",
                "sha256:b4e248d1087abf9f4c10f3c398896c87ce82a9856494a7155823eb45a892395d",
                "sha256:ba4e9e0ae13fc41c6b23299545e5ef73055213e466bd107953e4a013a5ddd7e3",
                "sha256:c6332685306b6417a91b1ff9fae889b3ba65c2292d64bd9245c093b1b284809d",
                "sha256:d5ff0621c88ce83a28a10d2ce719b2ee85635e85c515f12bac99a95306da4b2e",
                "sha256:d9efd8b7a3ef378dd61a1e77367f1924375befc2eba06168b6ebfa903a5e59ca",
                "sha256:df5169c4396adc04f9b0a05f13c074df878b6052430e03f50e68adf3a57aa28d",
                "sha256:ebb253464a5d0482b191274f1c8bf00e33f7e0b9c66405fbffc61ed2c839c775",
                "sha256:ec80dc47f54e6e9a78181ce05feb71a0353854cc26999db963695f950b5fb375",
                "sha256:f032b34669220030f905152045dfa27741ce1a6db3324a5bc0b96b6c7420c87b",
                "sha256:f60567825f791c6f8a592f3c6e3bd93dd2934e3f9dac189308426bd76b00ef3b",
                "sha256:f803eaa94c2fcda012c047e62bc7a51b0bdabda1cad7a92a522694ea2d76e49f"
            ],
            "version": "==1.14.4"
        },
        "numpy": {
            "hashes": [
                "sha256:06995885846f701bddeb7fa289dde6798e5613208bc7a74a7ae165cb3a043d97",
                "sha256:0b2298db632958edd25e1edef5a24010bcb01752077b92567bb43c56fcf96578",
                "sha256:3526a1c1e2456c67fc5f2a67d27ffa42b1bdfc640b0e0d07652799a9259a5f89",
                "sha256:47e8f866e0342c98a36339264b03e534425d89b18721f1d06565976d31a01071",
                "sha256:5ab1a6bda6ded04fc1261bf0d7ef382e814afcd83e478b545dad2094d4f2798e",
                "sha256:677d968f9e0d4640a143615780925fd18dba128ef2753e847a94989a51bf5715",
                "sha256:73ab3ab1a34abfa4034b9d85be62c6f39c87b47232bf72c9c900ff67d92212b7",
                "sha256:747e2ecd3cf70159a969e267f434f03d949a740645ce74b42476ff33c2037d86",
                "sha256:793383d52f79c785ad2e7cf24b064f8ff5041ee0e44cef34368918c1b89e9d58",
                "sha256:9a9ad522f98331668913675ecf611204c74173663edf87f323df7f873bf9d2f8",
                "sha256:9e0eb4674f9d6980125415fc1802b59fbc9eed32db0ff4689957710b7ee5b55a",
                "sha256:ab9bd6e3e8ce1ce62e3db02462df37ca708d24e8536c71857ad78e4e7d68b024",
                "sha256:ac6cd3bee3e2906102f62a9cdec6477d5c5933624ff21f02c2c7da5ace6d865a",
                "sha256:adfd6f6900af0c3d550d8d2c48e060f710f61b781eabc983f7f10c9b85a227ed",
                "sha256:bd36b4e61b4b850bf45d6a079b4b6eb3937442a6c273d2bac1e4377f196632b9",
                "sha256:cd4941e3a8dccc572c0f0ed02ab1c8c75d7c47091eccecf9173c92d10b8eeaf5",
                "sha256:d15ce00b4e49fbf946541291bdfc7b673cd08137da8ff6492cd34aa6b612b8eb",
                "sha256:d239f8391667f2a4bf913d6bed7b9960ccfb76da5253d16de6553120b1ca393d",
                "sha256:d5740196e9cf6874108dc78995ef3e2bf2dd2e338e41b5a0083527d178364053",
                "sha256:d8f20a52dd98f8e404c6825fc835934dba3ad71d90ced92069061025fb9c2598",
                "sha256:e039cb9e37a651047cb164c7fa2760c502d9e216d24ddd50928e61a02039cb77",
                "sha256:f45b9d4b1dea1c60339ab06503eaec6c6cb7b7bc66e9939c825544b385581a3b",
                "sha256:f7f3fdaef950dc00bed782b78f970a9d7b496287c6c2494ead8ab98f38477bb0",
                "sha256:faa99af9fbd914e33b8322efd04a13e23c6b032d1dc5cc62bf5294a2ce59212e"
            ],
            "index": "pypi",
            "version": "==1.20.0rc2"
        },
        "pycparser": {
            "hashes": [
                "sha256:2d475327684562c3a96cc71adf7dc8c4f0565175cf86b6d7a404ff4c771f15f0",
                "sha256:7582ad22678f0fcd81102833f60ef8d0e57288b6b5fb00323d101be910e35705"
            ],
            "markers": "python_version >= '2.7' and python_version not in '3.0, 3.1, 3.2, 3.3'",
            "version": "==2.20"
        },
        "soundfile": {
            "hashes": [
                "sha256:2d17e0a6fc2af0d6c1d868bafa5ec80aae6e186a97fec8db07ad6af29842fbc7",
                "sha256:4555438c2c4f02b39fea2ed40f6ddeda88a80cd1ee9dd129be4d5f5134698cc2",
                "sha256:490cff42650733d1832728b937fe99fa1802896f5ef4d61bcf78cf7ebecb107b",
                "sha256:5e342ee293b896d31da67617fe65d0bdca217af193991b0cb6052353b1e0e506",
                "sha256:b361d4ac1519a2e516cabafa6bf7e93492f999f35d7d25350cd87fdc3e5cb27e"
            ],
            "index": "pypi",
            "version": "==0.10.3.post1"
        }
    },
    "develop": {}
}
